# THIS IS AN AUTOGENERATED FILE. DO NOT EDIT THIS FILE DIRECTLY.
# yarn lockfile v1


"@fontsource/fira-mono@^4.5.0":
  version "4.5.0"
  resolved "https://registry.yarnpkg.com/@fontsource/fira-mono/-/fira-mono-4.5.0.tgz#bea97a54b60dc269d1c78469b007835af44dfa7f"
  integrity sha512-KE+d3wmgq/YKM0BqgUF7p2yeBNi805Nfof1lC1wJ7E9i2EWoC363sGdKG+MQBVm+ei3GYZu+Bo8Xha1w1pkB7g==

"@fontsource/news-cycle@^4.5.0":
  version "4.5.0"
  resolved "https://registry.yarnpkg.com/@fontsource/news-cycle/-/news-cycle-4.5.0.tgz#e2547ab0601e9edc16755a1a70b7c8d1e12759e8"
  integrity sha512-joU9k9GJ+o5OXUWUzgAcN5PnIizcn4NNQJT0OqcF8uDwXqkvHFCpK/eK8QMMsRPECb+iMpXdEv4lp3+p/Z1gWw==

"@fontsource/poppins@^4.5.0":
  version "4.5.0"
  resolved "https://registry.yarnpkg.com/@fontsource/poppins/-/poppins-4.5.0.tgz#a419697b85864afbf8363f5c247b1e9d1f117564"
  integrity sha512-RqgMIQqKHWNH3IUj+a0MAhlb4g5fftsXRTJ2bauefBmfM8Ja5q+qQZjKwyB/iCc+paJD320zFnLJ8G+y1ZyemQ==

"@fortawesome/fontawesome-free@^5.15.1":
  version "5.15.3"
  resolved "https://registry.yarnpkg.com/@fortawesome/fontawesome-free/-/fontawesome-free-5.15.3.tgz#c36ffa64a2a239bf948541a97b6ae8d729e09a9a"
  integrity sha512-rFnSUN/QOtnOAgqFRooTA3H57JLDm0QEG/jPdk+tLQNL/eWd+Aok8g3qCI+Q1xuDPWpGW/i9JySpJVsq8Q0s9w==

bootstrap@^4.5.3:
  version "4.6.0"
  resolved "https://registry.yarnpkg.com/bootstrap/-/bootstrap-4.6.0.tgz#97b9f29ac98f98dfa43bf7468262d84392552fd7"
  integrity sha512-Io55IuQY3kydzHtbGvQya3H+KorS/M9rSNyfCGCg9WZ4pyT/lCxIlpJgG1GXW/PswzC84Tr2fBYi+7+jFVQQBw==

flag-icon-css@^3.5.0:
  version "3.5.0"
  resolved "https://registry.yarnpkg.com/flag-icon-css/-/flag-icon-css-3.5.0.tgz#430747d5cb91e60babf85494de99173c16dc7cf2"
  integrity sha512-pgJnJLrtb0tcDgU1fzGaQXmR8h++nXvILJ+r5SmOXaaL/2pocunQo2a8TAXhjQnBpRLPtZ1KCz/TYpqeNuE2ew==

jquery@^3.5.1:
  version "3.6.0"
  resolved "https://registry.yarnpkg.com/jquery/-/jquery-3.6.0.tgz#c72a09f15c1bdce142f49dbf1170bdf8adac2470"
  integrity sha512-JVzAR/AjBvVt2BmYhxRCSYysDsPcssdmTFnzyLEts9qNwmjmu4JTAMYubEfwVOSwpQ1I1sKKFcxhZCI2buerfw==

simplelightbox@^2.7.0:
  version "2.8.0"
  resolved "https://registry.yarnpkg.com/simplelightbox/-/simplelightbox-2.8.0.tgz#5716a633e5643e6d01f8c264e1179d00c7133c7c"
  integrity sha512-OvX52h8bpVwR0WcKd3YX2fNJnEkLjel+bH5osMW1umuUG5ERvotVwZCmfl2sAkkJ8G97k3jn5QNh6IoPzD6Gug==
