# THIS IS AN AUTOGENERATED FILE. DO NOT EDIT THIS FILE DIRECTLY.
# yarn lockfile v1


"@fontsource/fira-mono@^4.5.0":
  version "4.5.10"
  resolved "https://registry.yarnpkg.com/@fontsource/fira-mono/-/fira-mono-4.5.10.tgz#443be4b2b4fc6e685b88431fcfdaf8d5f5639bbf"
  integrity sha512-bxUnRP8xptGRo8YXeY073DSpfK74XpSb0ZyRNpHV9WvLnJ7TwPOjZll8hTMin7zLC6iOp59pDZ8EQDj1gzgAQQ==

"@fontsource/news-cycle@^4.5.0":
  version "4.5.9"
  resolved "https://registry.yarnpkg.com/@fontsource/news-cycle/-/news-cycle-4.5.9.tgz#f1b4b4873ce4d81df65cee94b23dd9860e9bcbc1"
  integrity sha512-lUwrXa3N1pXfIjkI6A1wXxHCcplzznD+UDbGNlX+ZZ9VAp7PecwnvgJSDn68WnEsD3Axd6PohgEQ+oRm+x39Ew==

"@fontsource/poppins@^4.5.0":
  version "4.5.10"
  resolved "https://registry.yarnpkg.com/@fontsource/poppins/-/poppins-4.5.10.tgz#44dbfeacb5d89efca5ad7ad6cc941b2ac1ee424b"
  integrity sha512-oYZVHsnlwV3VWM1SE/m6SUxVh0QLk5+2wB+lBiXcI7N/0KVQWmV9YykaPqfJHBLvmdya+MAOnv+BQHeLU1vOOw==

"@fortawesome/fontawesome-free@^6.2.1":
  version "6.2.1"
  resolved "https://registry.yarnpkg.com/@fortawesome/fontawesome-free/-/fontawesome-free-6.2.1.tgz#344baf6ff9eaad7a73cff067d8c56bfc11ae5304"
  integrity sha512-viouXhegu/TjkvYQoiRZK3aax69dGXxgEjpvZW81wIJdxm5Fnvp3VVIP4VHKqX4SvFw6qpmkILkD4RJWAdrt7A==

bootstrap@^4.5.3:
  version "4.6.2"
  resolved "https://registry.yarnpkg.com/bootstrap/-/bootstrap-4.6.2.tgz#8e0cd61611728a5bf65a3a2b8d6ff6c77d5d7479"
  integrity sha512-51Bbp/Uxr9aTuy6ca/8FbFloBUJZLHwnhTcnjIeRn2suQWsWzcuJhGjKDB5eppVte/8oCdOL3VuwxvZDUggwGQ==

flag-icon-css@^4.1.7:
  version "4.1.7"
  resolved "https://registry.yarnpkg.com/flag-icon-css/-/flag-icon-css-4.1.7.tgz#5471197f9ab965a3603b3e0face31dd513fec289"
  integrity sha512-AFjSU+fv98XbU0vnTQ32vcLj89UEr1MhwDFcooQv14qWJCjg9fGZzfh9BVyDhAhIOZW/pGmJmq38RqpgPaeybQ==

jquery@^3.5.1:
  version "3.6.1"
  resolved "https://registry.yarnpkg.com/jquery/-/jquery-3.6.1.tgz#fab0408f8b45fc19f956205773b62b292c147a16"
  integrity sha512-opJeO4nCucVnsjiXOE+/PcCgYw9Gwpvs/a6B1LL/lQhwWwpbVEVYDZ1FokFr8PRc7ghYlrFPuyHuiiDNTQxmcw==

simplelightbox@^2.7.0:
  version "2.11.0"
  resolved "https://registry.yarnpkg.com/simplelightbox/-/simplelightbox-2.11.0.tgz#9f9891349d635244719e2af4b8baee00f13cd77e"
  integrity sha512-+ylze7HQqnksITf2egX7/6XjsMdFMz80j70oFrKwlac2lQ2InO6JcE+75aGaAh8uG3O3rClJyE4hcQpgKQZ2Ig==
